// !$*UTF8*$!
{
	archiveVersion = 1;
	classes = {
	};
	objectVersion = 48;
	objects = {

/* Begin PBXBuildFile section */
		6B711D671FAC476A008DE7DC /* AppDelegate.m in Sources */ = {isa = PBXBuildFile; fileRef = 6B711D661FAC476A008DE7DC /* AppDelegate.m */; };
		6B711D6A1FAC476A008DE7DC /* ViewController.m in Sources */ = {isa = PBXBuildFile; fileRef = 6B711D691FAC476A008DE7DC /* ViewController.m */; };
		6B711D6D1FAC476A008DE7DC /* Main.storyboard in Resources */ = {isa = PBXBuildFile; fileRef = 6B711D6B1FAC476A008DE7DC /* Main.storyboard */; };
		6B711D6F1FAC476A008DE7DC /* Assets.xcassets in Resources */ = {isa = PBXBuildFile; fileRef = 6B711D6E1FAC476A008DE7DC /* Assets.xcassets */; };
		6B711D721FAC476A008DE7DC /* LaunchScreen.storyboard in Resources */ = {isa = PBXBuildFile; fileRef = 6B711D701FAC476A008DE7DC /* LaunchScreen.storyboard */; };
		6B711D751FAC476A008DE7DC /* main.m in Sources */ = {isa = PBXBuildFile; fileRef = 6B711D741FAC476A008DE7DC /* main.m */; };
		6B711D7E1FAC47B0008DE7DC /* PhotoView.m in Sources */ = {isa = PBXBuildFile; fileRef = 6B711D7D1FAC47B0008DE7DC /* PhotoView.m */; };
/* End PBXBuildFile section */

/* Begin PBXFileReference section */
		6B711D621FAC476A008DE7DC /* SelectPhotoDemo.app */ = {isa = PBXFileReference; explicitFileType = wrapper.application; includeInIndex = 0; path = SelectPhotoDemo.app; sourceTree = BUILT_PRODUCTS_DIR; };
		6B711D651FAC476A008DE7DC /* AppDelegate.h */ = {isa = PBXFileReference; lastKnownFileType = sourcecode.c.h; path = AppDelegate.h; sourceTree = "<group>"; };
		6B711D661FAC476A008DE7DC /* AppDelegate.m */ = {isa = PBXFileReference; lastKnownFileType = sourcecode.c.objc; path = AppDelegate.m; sourceTree = "<group>"; };
		6B711D681FAC476A008DE7DC /* ViewController.h */ = {isa = PBXFileReference; lastKnownFileType = sourcecode.c.h; path = ViewController.h; sourceTree = "<group>"; };
		6B711D691FAC476A008DE7DC /* ViewController.m */ = {isa = PBXFileReference; lastKnownFileType = sourcecode.c.objc; path = ViewController.m; sourceTree = "<group>"; };
		6B711D6C1FAC476A008DE7DC /* Base */ = {isa = PBXFileReference; lastKnownFileType = file.storyboard; name = Base; path = Base.lproj/Main.storyboard; sourceTree = "<group>"; };
		6B711D6E1FAC476A008DE7DC /* Assets.xcassets */ = {isa = PBXFileReference; lastKnownFileType = folder.assetcatalog; path = Assets.xcassets; sourceTree = "<group>"; };
		6B711D711FAC476A008DE7DC /* Base */ = {isa = PBXFileReference; lastKnownFileType = file.storyboard; name = Base; path = Base.lproj/LaunchScreen.storyboard; sourceTree = "<group>"; };
		6B711D731FAC476A008DE7DC /* Info.plist */ = {isa = PBXFileReference; lastKnownFileType = text.plist.xml; path = Info.plist; sourceTree = "<group>"; };
		6B711D741FAC476A008DE7DC /* main.m */ = {isa = PBXFileReference; lastKnownFileType = sourcecode.c.objc; path = main.m; sourceTree = "<group>"; };
		6B711D7C1FAC47B0008DE7DC /* PhotoView.h */ = {isa = PBXFileReference; fileEncoding = 4; lastKnownFileType = sourcecode.c.h; path = PhotoView.h; sourceTree = "<group>"; };
		6B711D7D1FAC47B0008DE7DC /* PhotoView.m */ = {isa = PBXFileReference; fileEncoding = 4; lastKnownFileType = sourcecode.c.objc; path = PhotoView.m; sourceTree = "<group>"; };
/* End PBXFileReference section */

/* Begin PBXFrameworksBuildPhase section */
		6B711D5F1FAC476A008DE7DC /* Frameworks */ = {
			isa = PBXFrameworksBuildPhase;
			buildActionMask = 2147483647;
			files = (
			);
			runOnlyForDeploymentPostprocessing = 0;
		};
/* End PBXFrameworksBuildPhase section */

/* Begin PBXGroup section */
		6B711D591FAC476A008DE7DC = {
			isa = PBXGroup;
			children = (
				6B711D7B1FAC479F008DE7DC /* PhotoView */,
				6B711D641FAC476A008DE7DC /* SelectPhotoDemo */,
				6B711D631FAC476A008DE7DC /* Products */,
			);
			sourceTree = "<group>";
		};
		6B711D631FAC476A008DE7DC /* Products */ = {
			isa = PBXGroup;
			children = (
				6B711D621FAC476A008DE7DC /* SelectPhotoDemo.app */,
			);
			name = Products;
			sourceTree = "<group>";
		};
		6B711D641FAC476A008DE7DC /* SelectPhotoDemo */ = {
			isa = PBXGroup;
			children = (
				6B711D651FAC476A008DE7DC /* AppDelegate.h */,
				6B711D661FAC476A008DE7DC /* AppDelegate.m */,
				6B711D681FAC476A008DE7DC /* ViewController.h */,
				6B711D691FAC476A008DE7DC /* ViewController.m */,
				6B711D6B1FAC476A008DE7DC /* Main.storyboard */,
				6B711D6E1FAC476A008DE7DC /* Assets.xcassets */,
				6B711D701FAC476A008DE7DC /* LaunchScreen.storyboard */,
				6B711D731FAC476A008DE7DC /* Info.plist */,
				6B711D741FAC476A008DE7DC /* main.m */,
			);
			path = SelectPhotoDemo;
			sourceTree = "<group>";
		};
		6B711D7B1FAC479F008DE7DC /* PhotoView */ = {
			isa = PBXGroup;
			children = (
				6B711D7C1FAC47B0008DE7DC /* PhotoView.h */,
				6B711D7D1FAC47B0008DE7DC /* PhotoView.m */,
			);
			path = PhotoView;
			sourceTree = "<group>";
		};
/* End PBXGroup section */

/* Begin PBXNativeTarget section */
		6B711D611FAC476A008DE7DC /* SelectPhotoDemo */ = {
			isa = PBXNativeTarget;
			buildConfigurationList = 6B711D781FAC476A008DE7DC /* Build configuration list for PBXNativeTarget "SelectPhotoDemo" */;
			buildPhases = (
				6B711D5E1FAC476A008DE7DC /* Sources */,
				6B711D5F1FAC476A008DE7DC /* Frameworks */,
				6B711D601FAC476A008DE7DC /* Resources */,
			);
			buildRules = (
			);
			dependencies = (
			);
			name = SelectPhotoDemo;
			productName = SelectPhotoDemo;
			productReference = 6B711D621FAC476A008DE7DC /* SelectPhotoDemo.app */;
			productType = "com.apple.product-type.application";
		};
/* End PBXNativeTarget section */

/* Begin PBXProject section */
		6B711D5A1FAC476A008DE7DC /* Project object */ = {
			isa = PBXProject;
			attributes = {
				LastUpgradeCheck = 0900;
				ORGANIZATIONNAME = youjiesi;
				TargetAttributes = {
					6B711D611FAC476A008DE7DC = {
						CreatedOnToolsVersion = 9.0;
						ProvisioningStyle = Automatic;
					};
				};
			};
			buildConfigurationList = 6B711D5D1FAC476A008DE7DC /* Build configuration list for PBXProject "SelectPhotoDemo" */;
			compatibilityVersion = "Xcode 8.0";
			developmentRegion = en;
			hasScannedForEncodings = 0;
			knownRegions = (
				en,
				Base,
			);
			mainGroup = 6B711D591FAC476A008DE7DC;
			productRefGroup = 6B711D631FAC476A008DE7DC /* Products */;
			projectDirPath = "";
			projectRoot = "";
			targets = (
				6B711D611FAC476A008DE7DC /* SelectPhotoDemo */,
			);
		};
/* End PBXProject section */

/* Begin PBXResourcesBuildPhase section */
		6B711D601FAC476A008DE7DC /* Resources */ = {
			isa = PBXResourcesBuildPhase;
			buildActionMask = 2147483647;
			files = (
				6B711D721FAC476A008DE7DC /* LaunchScreen.storyboard in Resources */,
				6B711D6F1FAC476A008DE7DC /* Assets.xcassets in Resources */,
				6B711D6D1FAC476A008DE7DC /* Main.storyboard in Resources */,
			);
			runOnlyForDeploymentPostprocessing = 0;
		};
/* End PBXResourcesBuildPhase section */

/* Begin PBXSourcesBuildPhase section */
		6B711D5E1FAC476A008DE7DC /* Sources */ = {
			isa = PBXSourcesBuildPhase;
			buildActionMask = 2147483647;
			files = (
				6B711D6A1FAC476A008DE7DC /* ViewController.m in Sources */,
				6B711D751FAC476A008DE7DC /* main.m in Sources */,
				6B711D671FAC476A008DE7DC /* AppDelegate.m in Sources */,
				6B711D7E1FAC47B0008DE7DC /* PhotoView.m in Sources */,
			);
			runOnlyForDeploymentPostprocessing = 0;
		};
/* End PBXSourcesBuildPhase section */

/* Begin PBXVariantGroup section */
		6B711D6B1FAC476A008DE7DC /* Main.storyboard */ = {
			isa = PBXVariantGroup;
			children = (
				6B711D6C1FAC476A008DE7DC /* Base */,
			);
			name = Main.storyboard;
			sourceTree = "<group>";
		};
		6B711D701FAC476A008DE7DC /* LaunchScreen.storyboard */ = {
			isa = PBXVariantGroup;
			children = (
				6B711D711FAC476A008DE7DC /* Base */,
			);
			name = LaunchScreen.storyboard;
			sourceTree = "<group>";
		};
/* End PBXVariantGroup section */

/* Begin XCBuildConfiguration section */
		6B711D761FAC476A008DE7DC /* Debug */ = {
			isa = XCBuildConfiguration;
			buildSettings = {
				ALWAYS_SEARCH_USER_PATHS = NO;
				CLANG_ANALYZER_NONNULL = YES;
				CLANG_ANALYZER_NUMBER_OBJECT_CONVERSION = YES_AGGRESSIVE;
				CLANG_CXX_LANGUAGE_STANDARD = "gnu++14";
				CLANG_CXX_LIBRARY = "libc++";
				CLANG_ENABLE_MODULES = YES;
				CLANG_ENABLE_OBJC_ARC = YES;
				CLANG_WARN_BLOCK_CAPTURE_AUTORELEASING = YES;
				CLANG_WARN_BOOL_CONVERSION = YES;
				CLANG_WARN_COMMA = YES;
				CLANG_WARN_CONSTANT_CONVERSION = YES;
				CLANG_WARN_DIRECT_OBJC_ISA_USAGE = YES_ERROR;
				CLANG_WARN_DOCUMENTATION_COMMENTS = YES;
				CLANG_WARN_EMPTY_BODY = YES;
				CLANG_WARN_ENUM_CONVERSION = YES;
				CLANG_WARN_INFINITE_RECURSION = YES;
				CLANG_WARN_INT_CONVERSION = YES;
				CLANG_WARN_NON_LITERAL_NULL_CONVERSION = YES;
				CLANG_WARN_OBJC_LITERAL_CONVERSION = YES;
				CLANG_WARN_OBJC_ROOT_CLASS = YES_ERROR;
				CLANG_WARN_RANGE_LOOP_ANALYSIS = YES;
				CLANG_WARN_STRICT_PROTOTYPES = YES;
				CLANG_WARN_SUSPICIOUS_MOVE = YES;
				CLANG_WARN_UNGUARDED_AVAILABILITY = YES_AGGRESSIVE;
				CLANG_WARN_UNREACHABLE_CODE = YES;
				CLANG_WARN__DUPLICATE_METHOD_MATCH = YES;
				CODE_SIGN_IDENTITY = "iPhone Developer";
				COPY_PHASE_STRIP = NO;
				DEBUG_INFORMATION_FORMAT = dwarf;
				ENABLE_STRICT_OBJC_MSGSEND = YES;
				ENABLE_TESTABILITY = YES;
				GCC_C_LANGUAGE_STANDARD = gnu11;
				GCC_DYNAMIC_NO_PIC = NO;
				GCC_NO_COMMON_BLOCKS = YES;
				GCC_OPTIMIZATION_LEVEL = 0;
				GCC_PREPROCESSOR_DEFINITIONS = (
					"DEBUG=1",
					"$(inherited)",
				);
				GCC_WARN_64_TO_32_BIT_CONVERSION = YES;
				GCC_WARN_ABOUT_RETURN_TYPE = YES_ERROR;
				GCC_WARN_UNDECLARED_SELECTOR = YES;
				GCC_WARN_UNINITIALIZED_AUTOS = YES_AGGRESSIVE;
				GCC_WARN_UNUSED_FUNCTION = YES;
				GCC_WARN_UNUSED_VARIABLE = YES;
				IPHONEOS_DEPLOYMENT_TARGET = 11.0;
				MTL_ENABLE_DEBUG_INFO = YES;
				ONLY_ACTIVE_ARCH = YES;
				SDKROOT = iphoneos;
			};
			name = Debug;
		};
		6B711D771FAC476A008DE7DC /* Release */ = {
			isa = XCBuildConfiguration;
			buildSettings = {
				ALWAYS_SEARCH_USER_PATHS = NO;
				CLANG_ANALYZER_NONNULL = YES;
				CLANG_ANALYZER_NUMBER_OBJECT_CONVERSION = YES_AGGRESSIVE;
				CLANG_CXX_LANGUAGE_STANDARD = "gnu++14";
				CLANG_CXX_LIBRARY = "libc++";
				CLANG_ENABLE_MODULES = YES;
				CLANG_ENABLE_OBJC_ARC = YES;
				CLANG_WARN_BLOCK_CAPTURE_AUTORELEASING = YES;
				CLANG_WARN_BOOL_CONVERSION = YES;
				CLANG_WARN_COMMA = YES;
				CLANG_WARN_CONSTANT_CONVERSION = YES;
				CLANG_WARN_DIRECT_OBJC_ISA_USAGE = YES_ERROR;
				CLANG_WARN_DOCUMENTATION_COMMENTS = YES;
				CLANG_WARN_EMPTY_BODY = YES;
				CLANG_WARN_ENUM_CONVERSION = YES;
				CLANG_WARN_INFINITE_RECURSION = YES;
				CLANG_WARN_INT_CONVERSION = YES;
				CLANG_WARN_NON_LITERAL_NULL_CONVERSION = YES;
				CLANG_WARN_OBJC_LITERAL_CONVERSION = YES;
				CLANG_WARN_OBJC_ROOT_CLASS = YES_ERROR;
				CLANG_WARN_RANGE_LOOP_ANALYSIS = YES;
				CLANG_WARN_STRICT_PROTOTYPES = YES;
				CLANG_WARN_SUSPICIOUS_MOVE = YES;
				CLANG_WARN_UNGUARDED_AVAILABILITY = YES_AGGRESSIVE;
				CLANG_WARN_UNREACHABLE_CODE = YES;
				CLANG_WARN__DUPLICATE_METHOD_MATCH = YES;
				CODE_SIGN_IDENTITY = "iPhone Developer";
				COPY_PHASE_STRIP = NO;
				DEBUG_INFORMATION_FORMAT = "dwarf-with-dsym";
				ENABLE_NS_ASSERTIONS = NO;
				ENABLE_STRICT_OBJC_MSGSEND = YES;
				GCC_C_LANGUAGE_STANDARD = gnu11;
				GCC_NO_COMMON_BLOCKS = YES;
				GCC_WARN_64_TO_32_BIT_CONVERSION = YES;
				GCC_WARN_ABOUT_RETURN_TYPE = YES_ERROR;
				GCC_WARN_UNDECLARED_SELECTOR = YES;
				GCC_WARN_UNINITIALIZED_AUTOS = YES_AGGRESSIVE;
				GCC_WARN_UNUSED_FUNCTION = YES;
				GCC_WARN_UNUSED_VARIABLE = YES;
				IPHONEOS_DEPLOYMENT_TARGET = 11.0;
				MTL_ENABLE_DEBUG_INFO = NO;
				SDKROOT = iphoneos;
				VALIDATE_PRODUCT = YES;
			};
			name = Release;
		};
		6B711D791FAC476A008DE7DC /* Debug */ = {
			isa = XCBuildConfiguration;
			buildSettings = {
				ASSETCATALOG_COMPILER_APPICON_NAME = AppIcon;
				CODE_SIGN_STYLE = Automatic;
				DEVELOPMENT_TEAM = KT68RG6C2C;
				INFOPLIST_FILE = SelectPhotoDemo/Info.plist;
				LD_RUNPATH_SEARCH_PATHS = "$(inherited) @executable_path/Frameworks";
				PRODUCT_BUNDLE_IDENTIFIER = com.youjiesi.SelectPhotoDemo;
				PRODUCT_NAME = "$(TARGET_NAME)";
				TARGETED_DEVICE_FAMILY = "1,2";
			};
			name = Debug;
		};
		6B711D7A1FAC476A008DE7DC /* Release */ = {
			isa = XCBuildConfiguration;
			buildSettings = {
				ASSETCATALOG_COMPILER_APPICON_NAME = AppIcon;
				CODE_SIGN_STYLE = Automatic;
				DEVELOPMENT_TEAM = KT68RG6C2C;
				INFOPLIST_FILE = SelectPhotoDemo/Info.plist;
				LD_RUNPATH_SEARCH_PATHS = "$(inherited) @executable_path/Frameworks";
				PRODUCT_BUNDLE_IDENTIFIER = com.youjiesi.SelectPhotoDemo;
				PRODUCT_NAME = "$(TARGET_NAME)";
				TARGETED_DEVICE_FAMILY = "1,2";
			};
			name = Release;
		};
/* End XCBuildConfiguration section */

/* Begin XCConfigurationList section */
		6B711D5D1FAC476A008DE7DC /* Build configuration list for PBXProject "SelectPhotoDemo" */ = {
			isa = XCConfigurationList;
			buildConfigurations = (
				6B711D761FAC476A008DE7DC /* Debug */,
				6B711D771FAC476A008DE7DC /* Release */,
			);
			defaultConfigurationIsVisible = 0;
			defaultConfigurationName = Release;
		};
		6B711D781FAC476A008DE7DC /* Build configuration list for PBXNativeTarget "SelectPhotoDemo" */ = {
			isa = XCConfigurationList;
			buildConfigurations = (
				6B711D791FAC476A008DE7DC /* Debug */,
				6B711D7A1FAC476A008DE7DC /* Release */,
			);
			defaultConfigurationIsVisible = 0;
			defaultConfigurationName = Release;
		};
/* End XCConfigurationList section */
	};
	rootObject = 6B711D5A1FAC476A008DE7DC /* Project object */;
}
